
Microsoft Visual Studio Solution File, Format Version 12.00
# Visual Studio Version 17
VisualStudioVersion = 17.5.33530.505
MinimumVisualStudioVersion = 10.0.40219.1
Project("{FAE04EC0-301F-11D3-BF4B-00C04F79EFBC}") = "hello_world_api_ui", "hello_world_api_ui\hello_world_api_ui.csproj", "{D37AF464-9419-4C5F-93EB-8FB9E36C720C}"
EndProject
Project("{FAE04EC0-301F-11D3-BF4B-00C04F79EFBC}") = "HelloWebApi", "HelloWebApi\HelloWebApi.csproj", "{2A3F5141-2F7D-46BE-9755-B8072D79FF5F}"
EndProject
Global
	GlobalSection(SolutionConfigurationPlatforms) = preSolution
		Debug|Any CPU = Debug|Any CPU
		Release|Any CPU = Release|Any CPU
	EndGlobalSection
	GlobalSection(ProjectConfigurationPlatforms) = postSolution
		{D37AF464-9419-4C5F-93EB-8FB9E36C720C}.Debug|Any CPU.ActiveCfg = Debug|Any CPU
		{D37AF464-9419-4C5F-93EB-8FB9E36C720C}.Debug|Any CPU.Build.0 = Debug|Any CPU
		{D37AF464-9419-4C5F-93EB-8FB9E36C720C}.Release|Any CPU.ActiveCfg = Release|Any CPU
		{D37AF464-9419-4C5F-93EB-8FB9E36C720C}.Release|Any CPU.Build.0 = Release|Any CPU
		{2A3F5141-2F7D-46BE-9755-B8072D79FF5F}.Debug|Any CPU.ActiveCfg = Debug|Any CPU
		{2A3F5141-2F7D-46BE-9755-B8072D79FF5F}.Debug|Any CPU.Build.0 = Debug|Any CPU
		{2A3F5141-2F7D-46BE-9755-B8072D79FF5F}.Release|Any CPU.ActiveCfg = Release|Any CPU
		{2A3F5141-2F7D-46BE-9755-B8072D79FF5F}.Release|Any CPU.Build.0 = Release|Any CPU
	EndGlobalSection
	GlobalSection(SolutionProperties) = preSolution
		HideSolutionNode = FALSE
	EndGlobalSection
	GlobalSection(ExtensibilityGlobals) = postSolution
		SolutionGuid = {AC176257-4004-4520-ABF1-25FC5CD60275}
	EndGlobalSection
EndGlobal
